// !$*UTF8*$!
{
	archiveVersion = 1;
	classes = {
	};
	objectVersion = 50;
	objects = {

/* Begin PBXBuildFile section */
		1D30E34224189114006CEC8F /* LearnTextFieldViewController.swift in Sources */ = {isa = PBXBuildFile; fileRef = 1D30E34124189114006CEC8F /* LearnTextFieldViewController.swift */; };
		1D30E345241A5F53006CEC8F /* Homework.storyboard in Resources */ = {isa = PBXBuildFile; fileRef = 1D30E344241A5F53006CEC8F /* Homework.storyboard */; };
		1D30E348241A6012006CEC8F /* BmiCalculatorViewController.swift in Sources */ = {isa = PBXBuildFile; fileRef = 1D30E347241A6012006CEC8F /* BmiCalculatorViewController.swift */; };
		1D6270BD23D09BA1001D146B /* AppDelegate.swift in Sources */ = {isa = PBXBuildFile; fileRef = 1D6270BC23D09BA1001D146B /* AppDelegate.swift */; };
		1D6270BF23D09BA1001D146B /* SceneDelegate.swift in Sources */ = {isa = PBXBuildFile; fileRef = 1D6270BE23D09BA1001D146B /* SceneDelegate.swift */; };
		1D6270C123D09BA1001D146B /* LearnButtonViewController.swift in Sources */ = {isa = PBXBuildFile; fileRef = 1D6270C023D09BA1001D146B /* LearnButtonViewController.swift */; };
		1D6270C423D09BA1001D146B /* Main.storyboard in Resources */ = {isa = PBXBuildFile; fileRef = 1D6270C223D09BA1001D146B /* Main.storyboard */; };
		1D6270C623D09BA4001D146B /* Assets.xcassets in Resources */ = {isa = PBXBuildFile; fileRef = 1D6270C523D09BA4001D146B /* Assets.xcassets */; };
		1D6270C923D09BA4001D146B /* LaunchScreen.storyboard in Resources */ = {isa = PBXBuildFile; fileRef = 1D6270C723D09BA4001D146B /* LaunchScreen.storyboard */; };
		1D6270D523D14394001D146B /* MainTableViewController.swift in Sources */ = {isa = PBXBuildFile; fileRef = 1D6270D423D14394001D146B /* MainTableViewController.swift */; };
		1D6270D823D18047001D146B /* LearnBLEViewController.swift in Sources */ = {isa = PBXBuildFile; fileRef = 1D6270D723D18047001D146B /* LearnBLEViewController.swift */; };
		1D6270DC23D34A9F001D146B /* LearnBLEScanViewController.swift in Sources */ = {isa = PBXBuildFile; fileRef = 1D6270DB23D34A9F001D146B /* LearnBLEScanViewController.swift */; };
		1D859D6F241776A10026746D /* BleScanTableViewCell.swift in Sources */ = {isa = PBXBuildFile; fileRef = 1D859D6E241776A10026746D /* BleScanTableViewCell.swift */; };
		1D859D76241783E00026746D /* UIKit.storyboard in Resources */ = {isa = PBXBuildFile; fileRef = 1D859D74241783E00026746D /* UIKit.storyboard */; };
		1D859D782417840E0026746D /* Bluetooth.storyboard in Resources */ = {isa = PBXBuildFile; fileRef = 1D859D772417840E0026746D /* Bluetooth.storyboard */; };
/* End PBXBuildFile section */

/* Begin PBXFileReference section */
		1D30E34124189114006CEC8F /* LearnTextFieldViewController.swift */ = {isa = PBXFileReference; lastKnownFileType = sourcecode.swift; path = LearnTextFieldViewController.swift; sourceTree = "<group>"; };
		1D30E344241A5F53006CEC8F /* Homework.storyboard */ = {isa = PBXFileReference; fileEncoding = 4; lastKnownFileType = file.storyboard; path = Homework.storyboard; sourceTree = "<group>"; };
		1D30E347241A6012006CEC8F /* BmiCalculatorViewController.swift */ = {isa = PBXFileReference; lastKnownFileType = sourcecode.swift; path = BmiCalculatorViewController.swift; sourceTree = "<group>"; };
		1D6270B923D09BA1001D146B /* Learn IOS.app */ = {isa = PBXFileReference; explicitFileType = wrapper.application; includeInIndex = 0; path = "Learn IOS.app"; sourceTree = BUILT_PRODUCTS_DIR; };
		1D6270BC23D09BA1001D146B /* AppDelegate.swift */ = {isa = PBXFileReference; lastKnownFileType = sourcecode.swift; path = AppDelegate.swift; sourceTree = "<group>"; };
		1D6270BE23D09BA1001D146B /* SceneDelegate.swift */ = {isa = PBXFileReference; lastKnownFileType = sourcecode.swift; path = SceneDelegate.swift; sourceTree = "<group>"; };
		1D6270C023D09BA1001D146B /* LearnButtonViewController.swift */ = {isa = PBXFileReference; lastKnownFileType = sourcecode.swift; path = LearnButtonViewController.swift; sourceTree = "<group>"; };
		1D6270C323D09BA1001D146B /* Base */ = {isa = PBXFileReference; lastKnownFileType = file.storyboard; name = Base; path = Base.lproj/Main.storyboard; sourceTree = "<group>"; };
		1D6270C523D09BA4001D146B /* Assets.xcassets */ = {isa = PBXFileReference; lastKnownFileType = folder.assetcatalog; path = Assets.xcassets; sourceTree = "<group>"; };
		1D6270C823D09BA4001D146B /* Base */ = {isa = PBXFileReference; lastKnownFileType = file.storyboard; name = Base; path = Base.lproj/LaunchScreen.storyboard; sourceTree = "<group>"; };
		1D6270CA23D09BA4001D146B /* Info.plist */ = {isa = PBXFileReference; lastKnownFileType = text.plist.xml; path = Info.plist; sourceTree = "<group>"; };
		1D6270D423D14394001D146B /* MainTableViewController.swift */ = {isa = PBXFileReference; lastKnownFileType = sourcecode.swift; path = MainTableViewController.swift; sourceTree = "<group>"; };
		1D6270D723D18047001D146B /* LearnBLEViewController.swift */ = {isa = PBXFileReference; lastKnownFileType = sourcecode.swift; path = LearnBLEViewController.swift; sourceTree = "<group>"; };
		1D6270DB23D34A9F001D146B /* LearnBLEScanViewController.swift */ = {isa = PBXFileReference; lastKnownFileType = sourcecode.swift; path = LearnBLEScanViewController.swift; sourceTree = "<group>"; };
		1D859D6E241776A10026746D /* BleScanTableViewCell.swift */ = {isa = PBXFileReference; lastKnownFileType = sourcecode.swift; path = BleScanTableViewCell.swift; sourceTree = "<group>"; };
		1D859D75241783E00026746D /* Base */ = {isa = PBXFileReference; lastKnownFileType = file.storyboard; name = Base; path = "Learn IOS/Base.lproj/UIKit.storyboard"; sourceTree = "<group>"; };
		1D859D772417840E0026746D /* Bluetooth.storyboard */ = {isa = PBXFileReference; fileEncoding = 4; lastKnownFileType = file.storyboard; path = Bluetooth.storyboard; sourceTree = "<group>"; };
/* End PBXFileReference section */

/* Begin PBXFrameworksBuildPhase section */
		1D6270B623D09BA1001D146B /* Frameworks */ = {
			isa = PBXFrameworksBuildPhase;
			buildActionMask = 2147483647;
			files = (
			);
			runOnlyForDeploymentPostprocessing = 0;
		};
/* End PBXFrameworksBuildPhase section */

/* Begin PBXGroup section */
		1D30E33E24188F98006CEC8F /* Storyboard */ = {
			isa = PBXGroup;
			children = (
				1D30E344241A5F53006CEC8F /* Homework.storyboard */,
				1D6270C223D09BA1001D146B /* Main.storyboard */,
				1D859D772417840E0026746D /* Bluetooth.storyboard */,
				1D859D74241783E00026746D /* UIKit.storyboard */,
			);
			path = Storyboard;
			sourceTree = "<group>";
		};
		1D30E34024189000006CEC8F /* UIKit */ = {
			isa = PBXGroup;
			children = (
				1D6270C023D09BA1001D146B /* LearnButtonViewController.swift */,
				1D30E34124189114006CEC8F /* LearnTextFieldViewController.swift */,
			);
			path = UIKit;
			sourceTree = "<group>";
		};
		1D30E3432418BF5A006CEC8F /* Bluetooth */ = {
			isa = PBXGroup;
			children = (
				1D6270D723D18047001D146B /* LearnBLEViewController.swift */,
				1D6270DB23D34A9F001D146B /* LearnBLEScanViewController.swift */,
			);
			path = Bluetooth;
			sourceTree = "<group>";
		};
		1D30E346241A5FEF006CEC8F /* Homework */ = {
			isa = PBXGroup;
			children = (
				1D30E347241A6012006CEC8F /* BmiCalculatorViewController.swift */,
			);
			path = Homework;
			sourceTree = "<group>";
		};
		1D6270B023D09BA1001D146B = {
			isa = PBXGroup;
			children = (
				1D6270BB23D09BA1001D146B /* Learn IOS */,
				1D6270BA23D09BA1001D146B /* Products */,
			);
			sourceTree = "<group>";
		};
		1D6270BA23D09BA1001D146B /* Products */ = {
			isa = PBXGroup;
			children = (
				1D6270B923D09BA1001D146B /* Learn IOS.app */,
			);
			name = Products;
			sourceTree = "<group>";
		};
		1D6270BB23D09BA1001D146B /* Learn IOS */ = {
			isa = PBXGroup;
			children = (
				1D30E33E24188F98006CEC8F /* Storyboard */,
				1D859D79241785860026746D /* Views */,
				1D6270D623D163B7001D146B /* VIew Controllers */,
				1D6270BC23D09BA1001D146B /* AppDelegate.swift */,
				1D6270BE23D09BA1001D146B /* SceneDelegate.swift */,
				1D6270C523D09BA4001D146B /* Assets.xcassets */,
				1D6270C723D09BA4001D146B /* LaunchScreen.storyboard */,
				1D6270CA23D09BA4001D146B /* Info.plist */,
			);
			path = "Learn IOS";
			sourceTree = "<group>";
		};
		1D6270D623D163B7001D146B /* VIew Controllers */ = {
			isa = PBXGroup;
			children = (
				1D30E346241A5FEF006CEC8F /* Homework */,
				1D30E3432418BF5A006CEC8F /* Bluetooth */,
				1D30E34024189000006CEC8F /* UIKit */,
				1D6270D423D14394001D146B /* MainTableViewController.swift */,
			);
			path = "VIew Controllers";
			sourceTree = "<group>";
		};
		1D859D79241785860026746D /* Views */ = {
			isa = PBXGroup;
			children = (
				1D859D6E241776A10026746D /* BleScanTableViewCell.swift */,
			);
			path = Views;
			sourceTree = "<group>";
		};
/* End PBXGroup section */

/* Begin PBXNativeTarget section */
		1D6270B823D09BA1001D146B /* Learn IOS */ = {
			isa = PBXNativeTarget;
			buildConfigurationList = 1D6270CD23D09BA4001D146B /* Build configuration list for PBXNativeTarget "Learn IOS" */;
			buildPhases = (
				1D6270B523D09BA1001D146B /* Sources */,
				1D6270B623D09BA1001D146B /* Frameworks */,
				1D6270B723D09BA1001D146B /* Resources */,
			);
			buildRules = (
			);
			dependencies = (
			);
			name = "Learn IOS";
			productName = "Learn IOS";
			productReference = 1D6270B923D09BA1001D146B /* Learn IOS.app */;
			productType = "com.apple.product-type.application";
		};
/* End PBXNativeTarget section */

/* Begin PBXProject section */
		1D6270B123D09BA1001D146B /* Project object */ = {
			isa = PBXProject;
			attributes = {
				LastSwiftUpdateCheck = 1130;
				LastUpgradeCheck = 1130;
				ORGANIZATIONNAME = "Kevin Le";
				TargetAttributes = {
					1D6270B823D09BA1001D146B = {
						CreatedOnToolsVersion = 11.3.1;
					};
				};
			};
			buildConfigurationList = 1D6270B423D09BA1001D146B /* Build configuration list for PBXProject "Learn IOS" */;
			compatibilityVersion = "Xcode 9.3";
			developmentRegion = en;
			hasScannedForEncodings = 0;
			knownRegions = (
				en,
				Base,
			);
			mainGroup = 1D6270B023D09BA1001D146B;
			productRefGroup = 1D6270BA23D09BA1001D146B /* Products */;
			projectDirPath = "";
			projectRoot = "";
			targets = (
				1D6270B823D09BA1001D146B /* Learn IOS */,
			);
		};
/* End PBXProject section */

/* Begin PBXResourcesBuildPhase section */
		1D6270B723D09BA1001D146B /* Resources */ = {
			isa = PBXResourcesBuildPhase;
			buildActionMask = 2147483647;
			files = (
				1D859D782417840E0026746D /* Bluetooth.storyboard in Resources */,
				1D6270C923D09BA4001D146B /* LaunchScreen.storyboard in Resources */,
				1D859D76241783E00026746D /* UIKit.storyboard in Resources */,
				1D6270C623D09BA4001D146B /* Assets.xcassets in Resources */,
				1D30E345241A5F53006CEC8F /* Homework.storyboard in Resources */,
				1D6270C423D09BA1001D146B /* Main.storyboard in Resources */,
			);
			runOnlyForDeploymentPostprocessing = 0;
		};
/* End PBXResourcesBuildPhase section */

/* Begin PBXSourcesBuildPhase section */
		1D6270B523D09BA1001D146B /* Sources */ = {
			isa = PBXSourcesBuildPhase;
			buildActionMask = 2147483647;
			files = (
				1D30E348241A6012006CEC8F /* BmiCalculatorViewController.swift in Sources */,
				1D6270C123D09BA1001D146B /* LearnButtonViewController.swift in Sources */,
				1D6270BD23D09BA1001D146B /* AppDelegate.swift in Sources */,
				1D6270DC23D34A9F001D146B /* LearnBLEScanViewController.swift in Sources */,
				1D30E34224189114006CEC8F /* LearnTextFieldViewController.swift in Sources */,
				1D6270D823D18047001D146B /* LearnBLEViewController.swift in Sources */,
				1D6270D523D14394001D146B /* MainTableViewController.swift in Sources */,
				1D859D6F241776A10026746D /* BleScanTableViewCell.swift in Sources */,
				1D6270BF23D09BA1001D146B /* SceneDelegate.swift in Sources */,
			);
			runOnlyForDeploymentPostprocessing = 0;
		};
/* End PBXSourcesBuildPhase section */

/* Begin PBXVariantGroup section */
		1D6270C223D09BA1001D146B /* Main.storyboard */ = {
			isa = PBXVariantGroup;
			children = (
				1D6270C323D09BA1001D146B /* Base */,
			);
			name = Main.storyboard;
			sourceTree = "<group>";
		};
		1D6270C723D09BA4001D146B /* LaunchScreen.storyboard */ = {
			isa = PBXVariantGroup;
			children = (
				1D6270C823D09BA4001D146B /* Base */,
			);
			name = LaunchScreen.storyboard;
			sourceTree = "<group>";
		};
		1D859D74241783E00026746D /* UIKit.storyboard */ = {
			isa = PBXVariantGroup;
			children = (
				1D859D75241783E00026746D /* Base */,
			);
			name = UIKit.storyboard;
			sourceTree = "<group>";
		};
/* End PBXVariantGroup section */

/* Begin XCBuildConfiguration section */
		1D6270CB23D09BA4001D146B /* Debug */ = {
			isa = XCBuildConfiguration;
			buildSettings = {
				ALWAYS_SEARCH_USER_PATHS = NO;
				CLANG_ANALYZER_NONNULL = YES;
				CLANG_ANALYZER_NUMBER_OBJECT_CONVERSION = YES_AGGRESSIVE;
				CLANG_CXX_LANGUAGE_STANDARD = "gnu++14";
				CLANG_CXX_LIBRARY = "libc++";
				CLANG_ENABLE_MODULES = YES;
				CLANG_ENABLE_OBJC_ARC = YES;
				CLANG_ENABLE_OBJC_WEAK = YES;
				CLANG_WARN_BLOCK_CAPTURE_AUTORELEASING = YES;
				CLANG_WARN_BOOL_CONVERSION = YES;
				CLANG_WARN_COMMA = YES;
				CLANG_WARN_CONSTANT_CONVERSION = YES;
				CLANG_WARN_DEPRECATED_OBJC_IMPLEMENTATIONS = YES;
				CLANG_WARN_DIRECT_OBJC_ISA_USAGE = YES_ERROR;
				CLANG_WARN_DOCUMENTATION_COMMENTS = YES;
				CLANG_WARN_EMPTY_BODY = YES;
				CLANG_WARN_ENUM_CONVERSION = YES;
				CLANG_WARN_INFINITE_RECURSION = YES;
				CLANG_WARN_INT_CONVERSION = YES;
				CLANG_WARN_NON_LITERAL_NULL_CONVERSION = YES;
				CLANG_WARN_OBJC_IMPLICIT_RETAIN_SELF = YES;
				CLANG_WARN_OBJC_LITERAL_CONVERSION = YES;
				CLANG_WARN_OBJC_ROOT_CLASS = YES_ERROR;
				CLANG_WARN_RANGE_LOOP_ANALYSIS = YES;
				CLANG_WARN_STRICT_PROTOTYPES = YES;
				CLANG_WARN_SUSPICIOUS_MOVE = YES;
				CLANG_WARN_UNGUARDED_AVAILABILITY = YES_AGGRESSIVE;
				CLANG_WARN_UNREACHABLE_CODE = YES;
				CLANG_WARN__DUPLICATE_METHOD_MATCH = YES;
				COPY_PHASE_STRIP = NO;
				DEBUG_INFORMATION_FORMAT = dwarf;
				ENABLE_STRICT_OBJC_MSGSEND = YES;
				ENABLE_TESTABILITY = YES;
				GCC_C_LANGUAGE_STANDARD = gnu11;
				GCC_DYNAMIC_NO_PIC = NO;
				GCC_NO_COMMON_BLOCKS = YES;
				GCC_OPTIMIZATION_LEVEL = 0;
				GCC_PREPROCESSOR_DEFINITIONS = (
					"DEBUG=1",
					"$(inherited)",
				);
				GCC_WARN_64_TO_32_BIT_CONVERSION = YES;
				GCC_WARN_ABOUT_RETURN_TYPE = YES_ERROR;
				GCC_WARN_UNDECLARED_SELECTOR = YES;
				GCC_WARN_UNINITIALIZED_AUTOS = YES_AGGRESSIVE;
				GCC_WARN_UNUSED_FUNCTION = YES;
				GCC_WARN_UNUSED_VARIABLE = YES;
				IPHONEOS_DEPLOYMENT_TARGET = 13.2;
				MTL_ENABLE_DEBUG_INFO = INCLUDE_SOURCE;
				MTL_FAST_MATH = YES;
				ONLY_ACTIVE_ARCH = YES;
				SDKROOT = iphoneos;
				SWIFT_ACTIVE_COMPILATION_CONDITIONS = DEBUG;
				SWIFT_OPTIMIZATION_LEVEL = "-Onone";
			};
			name = Debug;
		};
		1D6270CC23D09BA4001D146B /* Release */ = {
			isa = XCBuildConfiguration;
			buildSettings = {
				ALWAYS_SEARCH_USER_PATHS = NO;
				CLANG_ANALYZER_NONNULL = YES;
				CLANG_ANALYZER_NUMBER_OBJECT_CONVERSION = YES_AGGRESSIVE;
				CLANG_CXX_LANGUAGE_STANDARD = "gnu++14";
				CLANG_CXX_LIBRARY = "libc++";
				CLANG_ENABLE_MODULES = YES;
				CLANG_ENABLE_OBJC_ARC = YES;
				CLANG_ENABLE_OBJC_WEAK = YES;
				CLANG_WARN_BLOCK_CAPTURE_AUTORELEASING = YES;
				CLANG_WARN_BOOL_CONVERSION = YES;
				CLANG_WARN_COMMA = YES;
				CLANG_WARN_CONSTANT_CONVERSION = YES;
				CLANG_WARN_DEPRECATED_OBJC_IMPLEMENTATIONS = YES;
				CLANG_WARN_DIRECT_OBJC_ISA_USAGE = YES_ERROR;
				CLANG_WARN_DOCUMENTATION_COMMENTS = YES;
				CLANG_WARN_EMPTY_BODY = YES;
				CLANG_WARN_ENUM_CONVERSION = YES;
				CLANG_WARN_INFINITE_RECURSION = YES;
				CLANG_WARN_INT_CONVERSION = YES;
				CLANG_WARN_NON_LITERAL_NULL_CONVERSION = YES;
				CLANG_WARN_OBJC_IMPLICIT_RETAIN_SELF = YES;
				CLANG_WARN_OBJC_LITERAL_CONVERSION = YES;
				CLANG_WARN_OBJC_ROOT_CLASS = YES_ERROR;
				CLANG_WARN_RANGE_LOOP_ANALYSIS = YES;
				CLANG_WARN_STRICT_PROTOTYPES = YES;
				CLANG_WARN_SUSPICIOUS_MOVE = YES;
				CLANG_WARN_UNGUARDED_AVAILABILITY = YES_AGGRESSIVE;
				CLANG_WARN_UNREACHABLE_CODE = YES;
				CLANG_WARN__DUPLICATE_METHOD_MATCH = YES;
				COPY_PHASE_STRIP = NO;
				DEBUG_INFORMATION_FORMAT = "dwarf-with-dsym";
				ENABLE_NS_ASSERTIONS = NO;
				ENABLE_STRICT_OBJC_MSGSEND = YES;
				GCC_C_LANGUAGE_STANDARD = gnu11;
				GCC_NO_COMMON_BLOCKS = YES;
				GCC_WARN_64_TO_32_BIT_CONVERSION = YES;
				GCC_WARN_ABOUT_RETURN_TYPE = YES_ERROR;
				GCC_WARN_UNDECLARED_SELECTOR = YES;
				GCC_WARN_UNINITIALIZED_AUTOS = YES_AGGRESSIVE;
				GCC_WARN_UNUSED_FUNCTION = YES;
				GCC_WARN_UNUSED_VARIABLE = YES;
				IPHONEOS_DEPLOYMENT_TARGET = 13.2;
				MTL_ENABLE_DEBUG_INFO = NO;
				MTL_FAST_MATH = YES;
				SDKROOT = iphoneos;
				SWIFT_COMPILATION_MODE = wholemodule;
				SWIFT_OPTIMIZATION_LEVEL = "-O";
				VALIDATE_PRODUCT = YES;
			};
			name = Release;
		};
		1D6270CE23D09BA4001D146B /* Debug */ = {
			isa = XCBuildConfiguration;
			buildSettings = {
				ASSETCATALOG_COMPILER_APPICON_NAME = AppIcon;
				CODE_SIGN_STYLE = Automatic;
				DEVELOPMENT_TEAM = 8WLTUX575Z;
				INFOPLIST_FILE = "Learn IOS/Info.plist";
				LD_RUNPATH_SEARCH_PATHS = (
					"$(inherited)",
					"@executable_path/Frameworks",
				);
				PRODUCT_BUNDLE_IDENTIFIER = "kevin.le.Learn-IOS";
				PRODUCT_NAME = "$(TARGET_NAME)";
				SWIFT_VERSION = 5.0;
				TARGETED_DEVICE_FAMILY = "1,2";
			};
			name = Debug;
		};
		1D6270CF23D09BA4001D146B /* Release */ = {
			isa = XCBuildConfiguration;
			buildSettings = {
				ASSETCATALOG_COMPILER_APPICON_NAME = AppIcon;
				CODE_SIGN_STYLE = Automatic;
				DEVELOPMENT_TEAM = 8WLTUX575Z;
				INFOPLIST_FILE = "Learn IOS/Info.plist";
				LD_RUNPATH_SEARCH_PATHS = (
					"$(inherited)",
					"@executable_path/Frameworks",
				);
				PRODUCT_BUNDLE_IDENTIFIER = "kevin.le.Learn-IOS";
				PRODUCT_NAME = "$(TARGET_NAME)";
				SWIFT_VERSION = 5.0;
				TARGETED_DEVICE_FAMILY = "1,2";
			};
			name = Release;
		};
/* End XCBuildConfiguration section */

/* Begin XCConfigurationList section */
		1D6270B423D09BA1001D146B /* Build configuration list for PBXProject "Learn IOS" */ = {
			isa = XCConfigurationList;
			buildConfigurations = (
				1D6270CB23D09BA4001D146B /* Debug */,
				1D6270CC23D09BA4001D146B /* Release */,
			);
			defaultConfigurationIsVisible = 0;
			defaultConfigurationName = Release;
		};
		1D6270CD23D09BA4001D146B /* Build configuration list for PBXNativeTarget "Learn IOS" */ = {
			isa = XCConfigurationList;
			buildConfigurations = (
				1D6270CE23D09BA4001D146B /* Debug */,
				1D6270CF23D09BA4001D146B /* Release */,
			);
			defaultConfigurationIsVisible = 0;
			defaultConfigurationName = Release;
		};
/* End XCConfigurationList section */
	};
	rootObject = 1D6270B123D09BA1001D146B /* Project object */;
}
