// !$*UTF8*$!
{
	archiveVersion = 1;
	classes = {
	};
	objectVersion = 50;
	objects = {

/* Begin PBXBuildFile section */
		1D0FCA08242B9B3000D485FD /* Custom.storyboard in Resources */ = {isa = PBXBuildFile; fileRef = 1D0FCA07242B9B3000D485FD /* Custom.storyboard */; };
		1D0FCA0B242B9B7D00D485FD /* CustomButtonViewController.swift in Sources */ = {isa = PBXBuildFile; fileRef = 1D0FCA0A242B9B7D00D485FD /* CustomButtonViewController.swift */; };
		1D0FCA0D242CF2B100D485FD /* CustomButton.swift in Sources */ = {isa = PBXBuildFile; fileRef = 1D0FCA0C242CF2B100D485FD /* CustomButton.swift */; };
		1D0FCA0F242E3F3400D485FD /* ShadowLayer.swift in Sources */ = {isa = PBXBuildFile; fileRef = 1D0FCA0E242E3F3400D485FD /* ShadowLayer.swift */; };
		1D21DA3A2462682F00450209 /* StarrySkyView.swift in Sources */ = {isa = PBXBuildFile; fileRef = 1D21DA392462682F00450209 /* StarrySkyView.swift */; };
		1D30E34224189114006CEC8F /* LearnTextFieldViewController.swift in Sources */ = {isa = PBXBuildFile; fileRef = 1D30E34124189114006CEC8F /* LearnTextFieldViewController.swift */; };
		1D30E345241A5F53006CEC8F /* Homework.storyboard in Resources */ = {isa = PBXBuildFile; fileRef = 1D30E344241A5F53006CEC8F /* Homework.storyboard */; };
		1D30E348241A6012006CEC8F /* BmiCalculatorViewController.swift in Sources */ = {isa = PBXBuildFile; fileRef = 1D30E347241A6012006CEC8F /* BmiCalculatorViewController.swift */; };
		1D30E34D241BCB78006CEC8F /* BottomSheetViewController.swift in Sources */ = {isa = PBXBuildFile; fileRef = 1D30E34B241BCB78006CEC8F /* BottomSheetViewController.swift */; };
		1D30E34E241BCB78006CEC8F /* BottomSheetViewController.xib in Resources */ = {isa = PBXBuildFile; fileRef = 1D30E34C241BCB78006CEC8F /* BottomSheetViewController.xib */; };
		1D30E350241BCC72006CEC8F /* LearnBottomSheetViewController.swift in Sources */ = {isa = PBXBuildFile; fileRef = 1D30E34F241BCC72006CEC8F /* LearnBottomSheetViewController.swift */; };
		1D30E352241CBE41006CEC8F /* LearnPageViewViewController.swift in Sources */ = {isa = PBXBuildFile; fileRef = 1D30E351241CBE41006CEC8F /* LearnPageViewViewController.swift */; };
		1D30E356241CFA97006CEC8F /* LearnBLEViewController.swift in Sources */ = {isa = PBXBuildFile; fileRef = 1D30E355241CFA97006CEC8F /* LearnBLEViewController.swift */; };
		1D30E359241CFC71006CEC8F /* ScanBleBottomSheetViewController.swift in Sources */ = {isa = PBXBuildFile; fileRef = 1D30E357241CFC71006CEC8F /* ScanBleBottomSheetViewController.swift */; };
		1D30E35A241CFC71006CEC8F /* ScanBleBottomSheetViewController.xib in Resources */ = {isa = PBXBuildFile; fileRef = 1D30E358241CFC71006CEC8F /* ScanBleBottomSheetViewController.xib */; };
		1D30E35D241D2296006CEC8F /* ScanBleTableViewCell.swift in Sources */ = {isa = PBXBuildFile; fileRef = 1D30E35B241D2296006CEC8F /* ScanBleTableViewCell.swift */; };
		1D30E35E241D2296006CEC8F /* ScanBleTableViewCell.xib in Resources */ = {isa = PBXBuildFile; fileRef = 1D30E35C241D2296006CEC8F /* ScanBleTableViewCell.xib */; };
		1D30E363241F6B1A006CEC8F /* BleHelper.swift in Sources */ = {isa = PBXBuildFile; fileRef = 1D30E362241F6B1A006CEC8F /* BleHelper.swift */; };
		1D30E3652420A4F0006CEC8F /* BleDevice.swift in Sources */ = {isa = PBXBuildFile; fileRef = 1D30E3642420A4F0006CEC8F /* BleDevice.swift */; };
		1D4C698A24261A6400C2DD9B /* Main.storyboard in Resources */ = {isa = PBXBuildFile; fileRef = 1D4C698924261A6400C2DD9B /* Main.storyboard */; };
		1D4C698C24261A8F00C2DD9B /* UIKit.storyboard in Resources */ = {isa = PBXBuildFile; fileRef = 1D4C698B24261A8F00C2DD9B /* UIKit.storyboard */; };
		1D6220582426419600F41513 /* Lighting.storyboard in Resources */ = {isa = PBXBuildFile; fileRef = 1D6220572426419600F41513 /* Lighting.storyboard */; };
		1D62205D2426471E00F41513 /* SceneSwitchLightViewController.swift in Sources */ = {isa = PBXBuildFile; fileRef = 1D62205C2426471E00F41513 /* SceneSwitchLightViewController.swift */; };
		1D6220602426568200F41513 /* Light.swift in Sources */ = {isa = PBXBuildFile; fileRef = 1D62205F2426568200F41513 /* Light.swift */; };
		1D62206224265B2E00F41513 /* SceneSwitchLight.swift in Sources */ = {isa = PBXBuildFile; fileRef = 1D62206124265B2E00F41513 /* SceneSwitchLight.swift */; };
		1D622064242859BC00F41513 /* LearnDatePickerViewController.swift in Sources */ = {isa = PBXBuildFile; fileRef = 1D622063242859BC00F41513 /* LearnDatePickerViewController.swift */; };
		1D622066242893F500F41513 /* RGBLightViewController.swift in Sources */ = {isa = PBXBuildFile; fileRef = 1D622065242893F500F41513 /* RGBLightViewController.swift */; };
		1D6270BD23D09BA1001D146B /* AppDelegate.swift in Sources */ = {isa = PBXBuildFile; fileRef = 1D6270BC23D09BA1001D146B /* AppDelegate.swift */; };
		1D6270BF23D09BA1001D146B /* SceneDelegate.swift in Sources */ = {isa = PBXBuildFile; fileRef = 1D6270BE23D09BA1001D146B /* SceneDelegate.swift */; };
		1D6270C123D09BA1001D146B /* LearnButtonViewController.swift in Sources */ = {isa = PBXBuildFile; fileRef = 1D6270C023D09BA1001D146B /* LearnButtonViewController.swift */; };
		1D6270C623D09BA4001D146B /* Assets.xcassets in Resources */ = {isa = PBXBuildFile; fileRef = 1D6270C523D09BA4001D146B /* Assets.xcassets */; };
		1D6270C923D09BA4001D146B /* LaunchScreen.storyboard in Resources */ = {isa = PBXBuildFile; fileRef = 1D6270C723D09BA4001D146B /* LaunchScreen.storyboard */; };
		1D6270D523D14394001D146B /* MainTableViewController.swift in Sources */ = {isa = PBXBuildFile; fileRef = 1D6270D423D14394001D146B /* MainTableViewController.swift */; };
		1D6270D823D18047001D146B /* LearnBLEViewControllerOLD.swift in Sources */ = {isa = PBXBuildFile; fileRef = 1D6270D723D18047001D146B /* LearnBLEViewControllerOLD.swift */; };
		1D6270DC23D34A9F001D146B /* LearnBLEScanViewController.swift in Sources */ = {isa = PBXBuildFile; fileRef = 1D6270DB23D34A9F001D146B /* LearnBLEScanViewController.swift */; };
		1D7395312421D39800916EB0 /* BleDeviceManager.swift in Sources */ = {isa = PBXBuildFile; fileRef = 1D7395302421D39800916EB0 /* BleDeviceManager.swift */; };
		1D859D6F241776A10026746D /* BleScanTableViewCell.swift in Sources */ = {isa = PBXBuildFile; fileRef = 1D859D6E241776A10026746D /* BleScanTableViewCell.swift */; };
		1D859D782417840E0026746D /* Bluetooth.storyboard in Resources */ = {isa = PBXBuildFile; fileRef = 1D859D772417840E0026746D /* Bluetooth.storyboard */; };
		1D87EA2C242F72F400E20BFC /* TouchpadViewController.swift in Sources */ = {isa = PBXBuildFile; fileRef = 1D87EA2B242F72F400E20BFC /* TouchpadViewController.swift */; };
		1D87EA2E242F745F00E20BFC /* TouchpadView.swift in Sources */ = {isa = PBXBuildFile; fileRef = 1D87EA2D242F745F00E20BFC /* TouchpadView.swift */; };
		1D87EA3024307A7F00E20BFC /* BrightAndKelvinViewController.swift in Sources */ = {isa = PBXBuildFile; fileRef = 1D87EA2F24307A7F00E20BFC /* BrightAndKelvinViewController.swift */; };
		1D87EA3224307B5700E20BFC /* BrightAndKelvinTouchpadView.swift in Sources */ = {isa = PBXBuildFile; fileRef = 1D87EA3124307B5700E20BFC /* BrightAndKelvinTouchpadView.swift */; };
		1D87EA362430BD3D00E20BFC /* RGBSelector.swift in Sources */ = {isa = PBXBuildFile; fileRef = 1D87EA352430BD3D00E20BFC /* RGBSelector.swift */; };
		1D87EA382430C29500E20BFC /* RGBSelectorViewController.swift in Sources */ = {isa = PBXBuildFile; fileRef = 1D87EA372430C29500E20BFC /* RGBSelectorViewController.swift */; };
		1D9F8C70246D730A00D9A9E1 /* MoonViewController.swift in Sources */ = {isa = PBXBuildFile; fileRef = 1D9F8C6F246D730A00D9A9E1 /* MoonViewController.swift */; };
		1D9F8C72246D732200D9A9E1 /* MoonView.swift in Sources */ = {isa = PBXBuildFile; fileRef = 1D9F8C71246D732200D9A9E1 /* MoonView.swift */; };
		1DC51CCC244ED5AA004433E4 /* StarrySkyViewController.swift in Sources */ = {isa = PBXBuildFile; fileRef = 1DC51CCB244ED5A9004433E4 /* StarrySkyViewController.swift */; };
		1DC7375E24A19E73009CEB7F /* ColorPickerViewController.swift in Sources */ = {isa = PBXBuildFile; fileRef = 1DC7375D24A19E73009CEB7F /* ColorPickerViewController.swift */; };
		1DC7376024A1A0BF009CEB7F /* ColorPicker.swift in Sources */ = {isa = PBXBuildFile; fileRef = 1DC7375F24A1A0BF009CEB7F /* ColorPicker.swift */; };
/* End PBXBuildFile section */

/* Begin PBXFileReference section */
		1D0FCA07242B9B3000D485FD /* Custom.storyboard */ = {isa = PBXFileReference; lastKnownFileType = file.storyboard; path = Custom.storyboard; sourceTree = "<group>"; };
		1D0FCA0A242B9B7D00D485FD /* CustomButtonViewController.swift */ = {isa = PBXFileReference; lastKnownFileType = sourcecode.swift; path = CustomButtonViewController.swift; sourceTree = "<group>"; };
		1D0FCA0C242CF2B100D485FD /* CustomButton.swift */ = {isa = PBXFileReference; lastKnownFileType = sourcecode.swift; path = CustomButton.swift; sourceTree = "<group>"; };
		1D0FCA0E242E3F3400D485FD /* ShadowLayer.swift */ = {isa = PBXFileReference; lastKnownFileType = sourcecode.swift; path = ShadowLayer.swift; sourceTree = "<group>"; };
		1D21DA392462682F00450209 /* StarrySkyView.swift */ = {isa = PBXFileReference; lastKnownFileType = sourcecode.swift; path = StarrySkyView.swift; sourceTree = "<group>"; };
		1D30E34124189114006CEC8F /* LearnTextFieldViewController.swift */ = {isa = PBXFileReference; lastKnownFileType = sourcecode.swift; path = LearnTextFieldViewController.swift; sourceTree = "<group>"; };
		1D30E344241A5F53006CEC8F /* Homework.storyboard */ = {isa = PBXFileReference; fileEncoding = 4; lastKnownFileType = file.storyboard; path = Homework.storyboard; sourceTree = "<group>"; };
		1D30E347241A6012006CEC8F /* BmiCalculatorViewController.swift */ = {isa = PBXFileReference; lastKnownFileType = sourcecode.swift; path = BmiCalculatorViewController.swift; sourceTree = "<group>"; };
		1D30E34B241BCB78006CEC8F /* BottomSheetViewController.swift */ = {isa = PBXFileReference; lastKnownFileType = sourcecode.swift; path = BottomSheetViewController.swift; sourceTree = "<group>"; };
		1D30E34C241BCB78006CEC8F /* BottomSheetViewController.xib */ = {isa = PBXFileReference; lastKnownFileType = file.xib; path = BottomSheetViewController.xib; sourceTree = "<group>"; };
		1D30E34F241BCC72006CEC8F /* LearnBottomSheetViewController.swift */ = {isa = PBXFileReference; lastKnownFileType = sourcecode.swift; path = LearnBottomSheetViewController.swift; sourceTree = "<group>"; };
		1D30E351241CBE41006CEC8F /* LearnPageViewViewController.swift */ = {isa = PBXFileReference; lastKnownFileType = sourcecode.swift; path = LearnPageViewViewController.swift; sourceTree = "<group>"; };
		1D30E355241CFA97006CEC8F /* LearnBLEViewController.swift */ = {isa = PBXFileReference; lastKnownFileType = sourcecode.swift; path = LearnBLEViewController.swift; sourceTree = "<group>"; };
		1D30E357241CFC71006CEC8F /* ScanBleBottomSheetViewController.swift */ = {isa = PBXFileReference; lastKnownFileType = sourcecode.swift; path = ScanBleBottomSheetViewController.swift; sourceTree = "<group>"; };
		1D30E358241CFC71006CEC8F /* ScanBleBottomSheetViewController.xib */ = {isa = PBXFileReference; lastKnownFileType = file.xib; path = ScanBleBottomSheetViewController.xib; sourceTree = "<group>"; };
		1D30E35B241D2296006CEC8F /* ScanBleTableViewCell.swift */ = {isa = PBXFileReference; lastKnownFileType = sourcecode.swift; path = ScanBleTableViewCell.swift; sourceTree = "<group>"; };
		1D30E35C241D2296006CEC8F /* ScanBleTableViewCell.xib */ = {isa = PBXFileReference; lastKnownFileType = file.xib; path = ScanBleTableViewCell.xib; sourceTree = "<group>"; };
		1D30E362241F6B1A006CEC8F /* BleHelper.swift */ = {isa = PBXFileReference; lastKnownFileType = sourcecode.swift; path = BleHelper.swift; sourceTree = "<group>"; };
		1D30E3642420A4F0006CEC8F /* BleDevice.swift */ = {isa = PBXFileReference; lastKnownFileType = sourcecode.swift; path = BleDevice.swift; sourceTree = "<group>"; };
		1D4C698924261A6400C2DD9B /* Main.storyboard */ = {isa = PBXFileReference; fileEncoding = 4; lastKnownFileType = file.storyboard; path = Main.storyboard; sourceTree = "<group>"; };
		1D4C698B24261A8F00C2DD9B /* UIKit.storyboard */ = {isa = PBXFileReference; fileEncoding = 4; lastKnownFileType = file.storyboard; path = UIKit.storyboard; sourceTree = "<group>"; };
		1D6220572426419600F41513 /* Lighting.storyboard */ = {isa = PBXFileReference; lastKnownFileType = file.storyboard; path = Lighting.storyboard; sourceTree = "<group>"; };
		1D62205C2426471E00F41513 /* SceneSwitchLightViewController.swift */ = {isa = PBXFileReference; lastKnownFileType = sourcecode.swift; path = SceneSwitchLightViewController.swift; sourceTree = "<group>"; };
		1D62205F2426568200F41513 /* Light.swift */ = {isa = PBXFileReference; lastKnownFileType = sourcecode.swift; path = Light.swift; sourceTree = "<group>"; };
		1D62206124265B2E00F41513 /* SceneSwitchLight.swift */ = {isa = PBXFileReference; lastKnownFileType = sourcecode.swift; path = SceneSwitchLight.swift; sourceTree = "<group>"; };
		1D622063242859BC00F41513 /* LearnDatePickerViewController.swift */ = {isa = PBXFileReference; lastKnownFileType = sourcecode.swift; path = LearnDatePickerViewController.swift; sourceTree = "<group>"; };
		1D622065242893F500F41513 /* RGBLightViewController.swift */ = {isa = PBXFileReference; lastKnownFileType = sourcecode.swift; path = RGBLightViewController.swift; sourceTree = "<group>"; };
		1D6270B923D09BA1001D146B /* Learn IOS.app */ = {isa = PBXFileReference; explicitFileType = wrapper.application; includeInIndex = 0; path = "Learn IOS.app"; sourceTree = BUILT_PRODUCTS_DIR; };
		1D6270BC23D09BA1001D146B /* AppDelegate.swift */ = {isa = PBXFileReference; lastKnownFileType = sourcecode.swift; path = AppDelegate.swift; sourceTree = "<group>"; };
		1D6270BE23D09BA1001D146B /* SceneDelegate.swift */ = {isa = PBXFileReference; lastKnownFileType = sourcecode.swift; path = SceneDelegate.swift; sourceTree = "<group>"; };
		1D6270C023D09BA1001D146B /* LearnButtonViewController.swift */ = {isa = PBXFileReference; lastKnownFileType = sourcecode.swift; path = LearnButtonViewController.swift; sourceTree = "<group>"; };
		1D6270C523D09BA4001D146B /* Assets.xcassets */ = {isa = PBXFileReference; lastKnownFileType = folder.assetcatalog; path = Assets.xcassets; sourceTree = "<group>"; };
		1D6270C823D09BA4001D146B /* Base */ = {isa = PBXFileReference; lastKnownFileType = file.storyboard; name = Base; path = Base.lproj/LaunchScreen.storyboard; sourceTree = "<group>"; };
		1D6270CA23D09BA4001D146B /* Info.plist */ = {isa = PBXFileReference; lastKnownFileType = text.plist.xml; path = Info.plist; sourceTree = "<group>"; };
		1D6270D423D14394001D146B /* MainTableViewController.swift */ = {isa = PBXFileReference; lastKnownFileType = sourcecode.swift; path = MainTableViewController.swift; sourceTree = "<group>"; };
		1D6270D723D18047001D146B /* LearnBLEViewControllerOLD.swift */ = {isa = PBXFileReference; lastKnownFileType = sourcecode.swift; path = LearnBLEViewControllerOLD.swift; sourceTree = "<group>"; };
		1D6270DB23D34A9F001D146B /* LearnBLEScanViewController.swift */ = {isa = PBXFileReference; lastKnownFileType = sourcecode.swift; path = LearnBLEScanViewController.swift; sourceTree = "<group>"; };
		1D7395302421D39800916EB0 /* BleDeviceManager.swift */ = {isa = PBXFileReference; lastKnownFileType = sourcecode.swift; path = BleDeviceManager.swift; sourceTree = "<group>"; };
		1D859D6E241776A10026746D /* BleScanTableViewCell.swift */ = {isa = PBXFileReference; lastKnownFileType = sourcecode.swift; path = BleScanTableViewCell.swift; sourceTree = "<group>"; };
		1D859D772417840E0026746D /* Bluetooth.storyboard */ = {isa = PBXFileReference; fileEncoding = 4; lastKnownFileType = file.storyboard; path = Bluetooth.storyboard; sourceTree = "<group>"; };
		1D87EA2B242F72F400E20BFC /* TouchpadViewController.swift */ = {isa = PBXFileReference; lastKnownFileType = sourcecode.swift; path = TouchpadViewController.swift; sourceTree = "<group>"; };
		1D87EA2D242F745F00E20BFC /* TouchpadView.swift */ = {isa = PBXFileReference; lastKnownFileType = sourcecode.swift; path = TouchpadView.swift; sourceTree = "<group>"; };
		1D87EA2F24307A7F00E20BFC /* BrightAndKelvinViewController.swift */ = {isa = PBXFileReference; lastKnownFileType = sourcecode.swift; path = BrightAndKelvinViewController.swift; sourceTree = "<group>"; };
		1D87EA3124307B5700E20BFC /* BrightAndKelvinTouchpadView.swift */ = {isa = PBXFileReference; lastKnownFileType = sourcecode.swift; path = BrightAndKelvinTouchpadView.swift; sourceTree = "<group>"; };
		1D87EA352430BD3D00E20BFC /* RGBSelector.swift */ = {isa = PBXFileReference; lastKnownFileType = sourcecode.swift; path = RGBSelector.swift; sourceTree = "<group>"; };
		1D87EA372430C29500E20BFC /* RGBSelectorViewController.swift */ = {isa = PBXFileReference; lastKnownFileType = sourcecode.swift; path = RGBSelectorViewController.swift; sourceTree = "<group>"; };
		1D9F8C6F246D730A00D9A9E1 /* MoonViewController.swift */ = {isa = PBXFileReference; lastKnownFileType = sourcecode.swift; path = MoonViewController.swift; sourceTree = "<group>"; };
		1D9F8C71246D732200D9A9E1 /* MoonView.swift */ = {isa = PBXFileReference; lastKnownFileType = sourcecode.swift; path = MoonView.swift; sourceTree = "<group>"; };
		1DC51CCB244ED5A9004433E4 /* StarrySkyViewController.swift */ = {isa = PBXFileReference; lastKnownFileType = sourcecode.swift; path = StarrySkyViewController.swift; sourceTree = "<group>"; };
		1DC7375D24A19E73009CEB7F /* ColorPickerViewController.swift */ = {isa = PBXFileReference; lastKnownFileType = sourcecode.swift; path = ColorPickerViewController.swift; sourceTree = "<group>"; };
		1DC7375F24A1A0BF009CEB7F /* ColorPicker.swift */ = {isa = PBXFileReference; lastKnownFileType = sourcecode.swift; path = ColorPicker.swift; sourceTree = "<group>"; };
/* End PBXFileReference section */

/* Begin PBXFrameworksBuildPhase section */
		1D6270B623D09BA1001D146B /* Frameworks */ = {
			isa = PBXFrameworksBuildPhase;
			buildActionMask = 2147483647;
			files = (
			);
			runOnlyForDeploymentPostprocessing = 0;
		};
/* End PBXFrameworksBuildPhase section */

/* Begin PBXGroup section */
		1D0FCA09242B9B4800D485FD /* Custom */ = {
			isa = PBXGroup;
			children = (
				1D0FCA0A242B9B7D00D485FD /* CustomButtonViewController.swift */,
				1D87EA2B242F72F400E20BFC /* TouchpadViewController.swift */,
				1D87EA2F24307A7F00E20BFC /* BrightAndKelvinViewController.swift */,
				1D87EA372430C29500E20BFC /* RGBSelectorViewController.swift */,
				1DC7375D24A19E73009CEB7F /* ColorPickerViewController.swift */,
				1DC51CCB244ED5A9004433E4 /* StarrySkyViewController.swift */,
				1D9F8C6F246D730A00D9A9E1 /* MoonViewController.swift */,
			);
			path = Custom;
			sourceTree = "<group>";
		};
		1D30E33E24188F98006CEC8F /* Storyboard */ = {
			isa = PBXGroup;
			children = (
				1D30E344241A5F53006CEC8F /* Homework.storyboard */,
				1D4C698924261A6400C2DD9B /* Main.storyboard */,
				1D4C698B24261A8F00C2DD9B /* UIKit.storyboard */,
				1D859D772417840E0026746D /* Bluetooth.storyboard */,
				1D6220572426419600F41513 /* Lighting.storyboard */,
				1D0FCA07242B9B3000D485FD /* Custom.storyboard */,
			);
			path = Storyboard;
			sourceTree = "<group>";
		};
		1D30E34024189000006CEC8F /* UIKit */ = {
			isa = PBXGroup;
			children = (
				1D6270C023D09BA1001D146B /* LearnButtonViewController.swift */,
				1D30E34124189114006CEC8F /* LearnTextFieldViewController.swift */,
				1D30E34F241BCC72006CEC8F /* LearnBottomSheetViewController.swift */,
				1D30E351241CBE41006CEC8F /* LearnPageViewViewController.swift */,
				1D622063242859BC00F41513 /* LearnDatePickerViewController.swift */,
			);
			path = UIKit;
			sourceTree = "<group>";
		};
		1D30E3432418BF5A006CEC8F /* Bluetooth */ = {
			isa = PBXGroup;
			children = (
				1D6270D723D18047001D146B /* LearnBLEViewControllerOLD.swift */,
				1D6270DB23D34A9F001D146B /* LearnBLEScanViewController.swift */,
				1D30E355241CFA97006CEC8F /* LearnBLEViewController.swift */,
			);
			path = Bluetooth;
			sourceTree = "<group>";
		};
		1D30E346241A5FEF006CEC8F /* Homework */ = {
			isa = PBXGroup;
			children = (
				1D30E347241A6012006CEC8F /* BmiCalculatorViewController.swift */,
			);
			path = Homework;
			sourceTree = "<group>";
		};
		1D30E35F241F1A1E006CEC8F /* Models */ = {
			isa = PBXGroup;
			children = (
				1D62205E2426563C00F41513 /* Lighting */,
				1D4C69862424F62600C2DD9B /* BLE */,
			);
			path = Models;
			sourceTree = "<group>";
		};
		1D4C69862424F62600C2DD9B /* BLE */ = {
			isa = PBXGroup;
			children = (
				1D30E362241F6B1A006CEC8F /* BleHelper.swift */,
				1D30E3642420A4F0006CEC8F /* BleDevice.swift */,
				1D7395302421D39800916EB0 /* BleDeviceManager.swift */,
			);
			path = BLE;
			sourceTree = "<group>";
		};
		1D4C69872424F66200C2DD9B /* BottomSheet */ = {
			isa = PBXGroup;
			children = (
				1D30E34B241BCB78006CEC8F /* BottomSheetViewController.swift */,
				1D30E34C241BCB78006CEC8F /* BottomSheetViewController.xib */,
				1D30E357241CFC71006CEC8F /* ScanBleBottomSheetViewController.swift */,
				1D30E358241CFC71006CEC8F /* ScanBleBottomSheetViewController.xib */,
			);
			path = BottomSheet;
			sourceTree = "<group>";
		};
		1D4C69882424F6A600C2DD9B /* TableCell */ = {
			isa = PBXGroup;
			children = (
				1D859D6E241776A10026746D /* BleScanTableViewCell.swift */,
				1D30E35B241D2296006CEC8F /* ScanBleTableViewCell.swift */,
				1D30E35C241D2296006CEC8F /* ScanBleTableViewCell.xib */,
			);
			path = TableCell;
			sourceTree = "<group>";
		};
		1D622059242641B500F41513 /* Lighting */ = {
			isa = PBXGroup;
			children = (
				1D62205C2426471E00F41513 /* SceneSwitchLightViewController.swift */,
				1D622065242893F500F41513 /* RGBLightViewController.swift */,
			);
			path = Lighting;
			sourceTree = "<group>";
		};
		1D62205E2426563C00F41513 /* Lighting */ = {
			isa = PBXGroup;
			children = (
				1D62205F2426568200F41513 /* Light.swift */,
				1D62206124265B2E00F41513 /* SceneSwitchLight.swift */,
			);
			path = Lighting;
			sourceTree = "<group>";
		};
		1D6270B023D09BA1001D146B = {
			isa = PBXGroup;
			children = (
				1D6270BB23D09BA1001D146B /* Learn IOS */,
				1D6270BA23D09BA1001D146B /* Products */,
			);
			sourceTree = "<group>";
		};
		1D6270BA23D09BA1001D146B /* Products */ = {
			isa = PBXGroup;
			children = (
				1D6270B923D09BA1001D146B /* Learn IOS.app */,
			);
			name = Products;
			sourceTree = "<group>";
		};
		1D6270BB23D09BA1001D146B /* Learn IOS */ = {
			isa = PBXGroup;
			children = (
				1D30E35F241F1A1E006CEC8F /* Models */,
				1D30E33E24188F98006CEC8F /* Storyboard */,
				1D859D79241785860026746D /* Views */,
				1D6270D623D163B7001D146B /* VIew Controllers */,
				1D6270BC23D09BA1001D146B /* AppDelegate.swift */,
				1D6270BE23D09BA1001D146B /* SceneDelegate.swift */,
				1D6270C523D09BA4001D146B /* Assets.xcassets */,
				1D6270C723D09BA4001D146B /* LaunchScreen.storyboard */,
				1D6270CA23D09BA4001D146B /* Info.plist */,
			);
			path = "Learn IOS";
			sourceTree = "<group>";
		};
		1D6270D623D163B7001D146B /* VIew Controllers */ = {
			isa = PBXGroup;
			children = (
				1D0FCA09242B9B4800D485FD /* Custom */,
				1D622059242641B500F41513 /* Lighting */,
				1D30E346241A5FEF006CEC8F /* Homework */,
				1D30E3432418BF5A006CEC8F /* Bluetooth */,
				1D30E34024189000006CEC8F /* UIKit */,
				1D6270D423D14394001D146B /* MainTableViewController.swift */,
			);
			path = "VIew Controllers";
			sourceTree = "<group>";
		};
		1D859D79241785860026746D /* Views */ = {
			isa = PBXGroup;
			children = (
				1D4C69882424F6A600C2DD9B /* TableCell */,
				1D4C69872424F66200C2DD9B /* BottomSheet */,
				1D0FCA0C242CF2B100D485FD /* CustomButton.swift */,
				1D0FCA0E242E3F3400D485FD /* ShadowLayer.swift */,
				1D87EA2D242F745F00E20BFC /* TouchpadView.swift */,
				1D87EA3124307B5700E20BFC /* BrightAndKelvinTouchpadView.swift */,
				1D87EA352430BD3D00E20BFC /* RGBSelector.swift */,
				1D21DA392462682F00450209 /* StarrySkyView.swift */,
				1D9F8C71246D732200D9A9E1 /* MoonView.swift */,
				1DC7375F24A1A0BF009CEB7F /* ColorPicker.swift */,
			);
			path = Views;
			sourceTree = "<group>";
		};
/* End PBXGroup section */

/* Begin PBXNativeTarget section */
		1D6270B823D09BA1001D146B /* Learn IOS */ = {
			isa = PBXNativeTarget;
			buildConfigurationList = 1D6270CD23D09BA4001D146B /* Build configuration list for PBXNativeTarget "Learn IOS" */;
			buildPhases = (
				1D6270B523D09BA1001D146B /* Sources */,
				1D6270B623D09BA1001D146B /* Frameworks */,
				1D6270B723D09BA1001D146B /* Resources */,
			);
			buildRules = (
			);
			dependencies = (
			);
			name = "Learn IOS";
			productName = "Learn IOS";
			productReference = 1D6270B923D09BA1001D146B /* Learn IOS.app */;
			productType = "com.apple.product-type.application";
		};
/* End PBXNativeTarget section */

/* Begin PBXProject section */
		1D6270B123D09BA1001D146B /* Project object */ = {
			isa = PBXProject;
			attributes = {
				LastSwiftUpdateCheck = 1130;
				LastUpgradeCheck = 1130;
				ORGANIZATIONNAME = "Kevin Le";
				TargetAttributes = {
					1D6270B823D09BA1001D146B = {
						CreatedOnToolsVersion = 11.3.1;
					};
				};
			};
			buildConfigurationList = 1D6270B423D09BA1001D146B /* Build configuration list for PBXProject "Learn IOS" */;
			compatibilityVersion = "Xcode 9.3";
			developmentRegion = en;
			hasScannedForEncodings = 0;
			knownRegions = (
				en,
				Base,
			);
			mainGroup = 1D6270B023D09BA1001D146B;
			productRefGroup = 1D6270BA23D09BA1001D146B /* Products */;
			projectDirPath = "";
			projectRoot = "";
			targets = (
				1D6270B823D09BA1001D146B /* Learn IOS */,
			);
		};
/* End PBXProject section */

/* Begin PBXResourcesBuildPhase section */
		1D6270B723D09BA1001D146B /* Resources */ = {
			isa = PBXResourcesBuildPhase;
			buildActionMask = 2147483647;
			files = (
				1D859D782417840E0026746D /* Bluetooth.storyboard in Resources */,
				1D4C698C24261A8F00C2DD9B /* UIKit.storyboard in Resources */,
				1D4C698A24261A6400C2DD9B /* Main.storyboard in Resources */,
				1D30E34E241BCB78006CEC8F /* BottomSheetViewController.xib in Resources */,
				1D30E35E241D2296006CEC8F /* ScanBleTableViewCell.xib in Resources */,
				1D30E35A241CFC71006CEC8F /* ScanBleBottomSheetViewController.xib in Resources */,
				1D6270C923D09BA4001D146B /* LaunchScreen.storyboard in Resources */,
				1D6270C623D09BA4001D146B /* Assets.xcassets in Resources */,
				1D0FCA08242B9B3000D485FD /* Custom.storyboard in Resources */,
				1D30E345241A5F53006CEC8F /* Homework.storyboard in Resources */,
				1D6220582426419600F41513 /* Lighting.storyboard in Resources */,
			);
			runOnlyForDeploymentPostprocessing = 0;
		};
/* End PBXResourcesBuildPhase section */

/* Begin PBXSourcesBuildPhase section */
		1D6270B523D09BA1001D146B /* Sources */ = {
			isa = PBXSourcesBuildPhase;
			buildActionMask = 2147483647;
			files = (
				1D30E359241CFC71006CEC8F /* ScanBleBottomSheetViewController.swift in Sources */,
				1D21DA3A2462682F00450209 /* StarrySkyView.swift in Sources */,
				1D30E348241A6012006CEC8F /* BmiCalculatorViewController.swift in Sources */,
				1D0FCA0D242CF2B100D485FD /* CustomButton.swift in Sources */,
				1D622066242893F500F41513 /* RGBLightViewController.swift in Sources */,
				1D6270C123D09BA1001D146B /* LearnButtonViewController.swift in Sources */,
				1D6270BD23D09BA1001D146B /* AppDelegate.swift in Sources */,
				1D30E350241BCC72006CEC8F /* LearnBottomSheetViewController.swift in Sources */,
				1D30E34D241BCB78006CEC8F /* BottomSheetViewController.swift in Sources */,
				1D87EA3024307A7F00E20BFC /* BrightAndKelvinViewController.swift in Sources */,
				1D6220602426568200F41513 /* Light.swift in Sources */,
				1DC7376024A1A0BF009CEB7F /* ColorPicker.swift in Sources */,
				1DC7375E24A19E73009CEB7F /* ColorPickerViewController.swift in Sources */,
				1D9F8C70246D730A00D9A9E1 /* MoonViewController.swift in Sources */,
				1D6270DC23D34A9F001D146B /* LearnBLEScanViewController.swift in Sources */,
				1D87EA382430C29500E20BFC /* RGBSelectorViewController.swift in Sources */,
				1D7395312421D39800916EB0 /* BleDeviceManager.swift in Sources */,
				1D0FCA0F242E3F3400D485FD /* ShadowLayer.swift in Sources */,
				1D62206224265B2E00F41513 /* SceneSwitchLight.swift in Sources */,
				1D30E34224189114006CEC8F /* LearnTextFieldViewController.swift in Sources */,
				1D87EA3224307B5700E20BFC /* BrightAndKelvinTouchpadView.swift in Sources */,
				1D30E352241CBE41006CEC8F /* LearnPageViewViewController.swift in Sources */,
				1D62205D2426471E00F41513 /* SceneSwitchLightViewController.swift in Sources */,
				1D87EA2E242F745F00E20BFC /* TouchpadView.swift in Sources */,
				1D30E356241CFA97006CEC8F /* LearnBLEViewController.swift in Sources */,
				1D30E363241F6B1A006CEC8F /* BleHelper.swift in Sources */,
				1D6270D823D18047001D146B /* LearnBLEViewControllerOLD.swift in Sources */,
				1D30E35D241D2296006CEC8F /* ScanBleTableViewCell.swift in Sources */,
				1D0FCA0B242B9B7D00D485FD /* CustomButtonViewController.swift in Sources */,
				1D87EA362430BD3D00E20BFC /* RGBSelector.swift in Sources */,
				1D6270D523D14394001D146B /* MainTableViewController.swift in Sources */,
				1D859D6F241776A10026746D /* BleScanTableViewCell.swift in Sources */,
				1D87EA2C242F72F400E20BFC /* TouchpadViewController.swift in Sources */,
				1D6270BF23D09BA1001D146B /* SceneDelegate.swift in Sources */,
				1D30E3652420A4F0006CEC8F /* BleDevice.swift in Sources */,
				1D9F8C72246D732200D9A9E1 /* MoonView.swift in Sources */,
				1DC51CCC244ED5AA004433E4 /* StarrySkyViewController.swift in Sources */,
				1D622064242859BC00F41513 /* LearnDatePickerViewController.swift in Sources */,
			);
			runOnlyForDeploymentPostprocessing = 0;
		};
/* End PBXSourcesBuildPhase section */

/* Begin PBXVariantGroup section */
		1D6270C723D09BA4001D146B /* LaunchScreen.storyboard */ = {
			isa = PBXVariantGroup;
			children = (
				1D6270C823D09BA4001D146B /* Base */,
			);
			name = LaunchScreen.storyboard;
			sourceTree = "<group>";
		};
/* End PBXVariantGroup section */

/* Begin XCBuildConfiguration section */
		1D6270CB23D09BA4001D146B /* Debug */ = {
			isa = XCBuildConfiguration;
			buildSettings = {
				ALWAYS_SEARCH_USER_PATHS = NO;
				CLANG_ANALYZER_NONNULL = YES;
				CLANG_ANALYZER_NUMBER_OBJECT_CONVERSION = YES_AGGRESSIVE;
				CLANG_CXX_LANGUAGE_STANDARD = "gnu++14";
				CLANG_CXX_LIBRARY = "libc++";
				CLANG_ENABLE_MODULES = YES;
				CLANG_ENABLE_OBJC_ARC = YES;
				CLANG_ENABLE_OBJC_WEAK = YES;
				CLANG_WARN_BLOCK_CAPTURE_AUTORELEASING = YES;
				CLANG_WARN_BOOL_CONVERSION = YES;
				CLANG_WARN_COMMA = YES;
				CLANG_WARN_CONSTANT_CONVERSION = YES;
				CLANG_WARN_DEPRECATED_OBJC_IMPLEMENTATIONS = YES;
				CLANG_WARN_DIRECT_OBJC_ISA_USAGE = YES_ERROR;
				CLANG_WARN_DOCUMENTATION_COMMENTS = YES;
				CLANG_WARN_EMPTY_BODY = YES;
				CLANG_WARN_ENUM_CONVERSION = YES;
				CLANG_WARN_INFINITE_RECURSION = YES;
				CLANG_WARN_INT_CONVERSION = YES;
				CLANG_WARN_NON_LITERAL_NULL_CONVERSION = YES;
				CLANG_WARN_OBJC_IMPLICIT_RETAIN_SELF = YES;
				CLANG_WARN_OBJC_LITERAL_CONVERSION = YES;
				CLANG_WARN_OBJC_ROOT_CLASS = YES_ERROR;
				CLANG_WARN_RANGE_LOOP_ANALYSIS = YES;
				CLANG_WARN_STRICT_PROTOTYPES = YES;
				CLANG_WARN_SUSPICIOUS_MOVE = YES;
				CLANG_WARN_UNGUARDED_AVAILABILITY = YES_AGGRESSIVE;
				CLANG_WARN_UNREACHABLE_CODE = YES;
				CLANG_WARN__DUPLICATE_METHOD_MATCH = YES;
				COPY_PHASE_STRIP = NO;
				DEBUG_INFORMATION_FORMAT = dwarf;
				ENABLE_STRICT_OBJC_MSGSEND = YES;
				ENABLE_TESTABILITY = YES;
				GCC_C_LANGUAGE_STANDARD = gnu11;
				GCC_DYNAMIC_NO_PIC = NO;
				GCC_NO_COMMON_BLOCKS = YES;
				GCC_OPTIMIZATION_LEVEL = 0;
				GCC_PREPROCESSOR_DEFINITIONS = (
					"DEBUG=1",
					"$(inherited)",
				);
				GCC_WARN_64_TO_32_BIT_CONVERSION = YES;
				GCC_WARN_ABOUT_RETURN_TYPE = YES_ERROR;
				GCC_WARN_UNDECLARED_SELECTOR = YES;
				GCC_WARN_UNINITIALIZED_AUTOS = YES_AGGRESSIVE;
				GCC_WARN_UNUSED_FUNCTION = YES;
				GCC_WARN_UNUSED_VARIABLE = YES;
				IPHONEOS_DEPLOYMENT_TARGET = 13.2;
				MTL_ENABLE_DEBUG_INFO = INCLUDE_SOURCE;
				MTL_FAST_MATH = YES;
				ONLY_ACTIVE_ARCH = YES;
				SDKROOT = iphoneos;
				SWIFT_ACTIVE_COMPILATION_CONDITIONS = DEBUG;
				SWIFT_OPTIMIZATION_LEVEL = "-Onone";
			};
			name = Debug;
		};
		1D6270CC23D09BA4001D146B /* Release */ = {
			isa = XCBuildConfiguration;
			buildSettings = {
				ALWAYS_SEARCH_USER_PATHS = NO;
				CLANG_ANALYZER_NONNULL = YES;
				CLANG_ANALYZER_NUMBER_OBJECT_CONVERSION = YES_AGGRESSIVE;
				CLANG_CXX_LANGUAGE_STANDARD = "gnu++14";
				CLANG_CXX_LIBRARY = "libc++";
				CLANG_ENABLE_MODULES = YES;
				CLANG_ENABLE_OBJC_ARC = YES;
				CLANG_ENABLE_OBJC_WEAK = YES;
				CLANG_WARN_BLOCK_CAPTURE_AUTORELEASING = YES;
				CLANG_WARN_BOOL_CONVERSION = YES;
				CLANG_WARN_COMMA = YES;
				CLANG_WARN_CONSTANT_CONVERSION = YES;
				CLANG_WARN_DEPRECATED_OBJC_IMPLEMENTATIONS = YES;
				CLANG_WARN_DIRECT_OBJC_ISA_USAGE = YES_ERROR;
				CLANG_WARN_DOCUMENTATION_COMMENTS = YES;
				CLANG_WARN_EMPTY_BODY = YES;
				CLANG_WARN_ENUM_CONVERSION = YES;
				CLANG_WARN_INFINITE_RECURSION = YES;
				CLANG_WARN_INT_CONVERSION = YES;
				CLANG_WARN_NON_LITERAL_NULL_CONVERSION = YES;
				CLANG_WARN_OBJC_IMPLICIT_RETAIN_SELF = YES;
				CLANG_WARN_OBJC_LITERAL_CONVERSION = YES;
				CLANG_WARN_OBJC_ROOT_CLASS = YES_ERROR;
				CLANG_WARN_RANGE_LOOP_ANALYSIS = YES;
				CLANG_WARN_STRICT_PROTOTYPES = YES;
				CLANG_WARN_SUSPICIOUS_MOVE = YES;
				CLANG_WARN_UNGUARDED_AVAILABILITY = YES_AGGRESSIVE;
				CLANG_WARN_UNREACHABLE_CODE = YES;
				CLANG_WARN__DUPLICATE_METHOD_MATCH = YES;
				COPY_PHASE_STRIP = NO;
				DEBUG_INFORMATION_FORMAT = "dwarf-with-dsym";
				ENABLE_NS_ASSERTIONS = NO;
				ENABLE_STRICT_OBJC_MSGSEND = YES;
				GCC_C_LANGUAGE_STANDARD = gnu11;
				GCC_NO_COMMON_BLOCKS = YES;
				GCC_WARN_64_TO_32_BIT_CONVERSION = YES;
				GCC_WARN_ABOUT_RETURN_TYPE = YES_ERROR;
				GCC_WARN_UNDECLARED_SELECTOR = YES;
				GCC_WARN_UNINITIALIZED_AUTOS = YES_AGGRESSIVE;
				GCC_WARN_UNUSED_FUNCTION = YES;
				GCC_WARN_UNUSED_VARIABLE = YES;
				IPHONEOS_DEPLOYMENT_TARGET = 13.2;
				MTL_ENABLE_DEBUG_INFO = NO;
				MTL_FAST_MATH = YES;
				SDKROOT = iphoneos;
				SWIFT_COMPILATION_MODE = wholemodule;
				SWIFT_OPTIMIZATION_LEVEL = "-O";
				VALIDATE_PRODUCT = YES;
			};
			name = Release;
		};
		1D6270CE23D09BA4001D146B /* Debug */ = {
			isa = XCBuildConfiguration;
			buildSettings = {
				ASSETCATALOG_COMPILER_APPICON_NAME = AppIcon;
				CODE_SIGN_STYLE = Automatic;
				DEVELOPMENT_TEAM = HNVMN78V5A;
				INFOPLIST_FILE = "Learn IOS/Info.plist";
				LD_RUNPATH_SEARCH_PATHS = (
					"$(inherited)",
					"@executable_path/Frameworks",
				);
				PRODUCT_BUNDLE_IDENTIFIER = levin.le.Learn;
				PRODUCT_NAME = "$(TARGET_NAME)";
				SWIFT_VERSION = 5.0;
				TARGETED_DEVICE_FAMILY = "1,2";
			};
			name = Debug;
		};
		1D6270CF23D09BA4001D146B /* Release */ = {
			isa = XCBuildConfiguration;
			buildSettings = {
				ASSETCATALOG_COMPILER_APPICON_NAME = AppIcon;
				CODE_SIGN_STYLE = Automatic;
				DEVELOPMENT_TEAM = HNVMN78V5A;
				INFOPLIST_FILE = "Learn IOS/Info.plist";
				LD_RUNPATH_SEARCH_PATHS = (
					"$(inherited)",
					"@executable_path/Frameworks",
				);
				PRODUCT_BUNDLE_IDENTIFIER = levin.le.Learn;
				PRODUCT_NAME = "$(TARGET_NAME)";
				SWIFT_VERSION = 5.0;
				TARGETED_DEVICE_FAMILY = "1,2";
			};
			name = Release;
		};
/* End XCBuildConfiguration section */

/* Begin XCConfigurationList section */
		1D6270B423D09BA1001D146B /* Build configuration list for PBXProject "Learn IOS" */ = {
			isa = XCConfigurationList;
			buildConfigurations = (
				1D6270CB23D09BA4001D146B /* Debug */,
				1D6270CC23D09BA4001D146B /* Release */,
			);
			defaultConfigurationIsVisible = 0;
			defaultConfigurationName = Release;
		};
		1D6270CD23D09BA4001D146B /* Build configuration list for PBXNativeTarget "Learn IOS" */ = {
			isa = XCConfigurationList;
			buildConfigurations = (
				1D6270CE23D09BA4001D146B /* Debug */,
				1D6270CF23D09BA4001D146B /* Release */,
			);
			defaultConfigurationIsVisible = 0;
			defaultConfigurationName = Release;
		};
/* End XCConfigurationList section */
	};
	rootObject = 1D6270B123D09BA1001D146B /* Project object */;
}
